
Microsoft Visual Studio Solution File, Format Version 12.00
# Visual Studio Version 17
VisualStudioVersion = 17.6.33829.357
MinimumVisualStudioVersion = 10.0.40219.1
Project("{9A19103F-16F7-4668-BE54-9A1E7A4F7556}") = "JobAnalizer.WebApp", "JobAnalizer.WebApp\JobAnalizer.WebApp.csproj", "{590967AF-05DE-49DD-9052-97F4AAB8F5D8}"
EndProject
Project("{FAE04EC0-301F-11D3-BF4B-00C04F79EFBC}") = "JobAnalizer", "JobAnalizer\JobAnalizer.csproj", "{7584D28F-6ED1-46DD-B045-C7A266233D94}"
EndProject
Global
	GlobalSection(SolutionConfigurationPlatforms) = preSolution
		Debug|Any CPU = Debug|Any CPU
		Release|Any CPU = Release|Any CPU
	EndGlobalSection
	GlobalSection(ProjectConfigurationPlatforms) = postSolution
		{590967AF-05DE-49DD-9052-97F4AAB8F5D8}.Debug|Any CPU.ActiveCfg = Debug|Any CPU
		{590967AF-05DE-49DD-9052-97F4AAB8F5D8}.Debug|Any CPU.Build.0 = Debug|Any CPU
		{590967AF-05DE-49DD-9052-97F4AAB8F5D8}.Release|Any CPU.ActiveCfg = Release|Any CPU
		{590967AF-05DE-49DD-9052-97F4AAB8F5D8}.Release|Any CPU.Build.0 = Release|Any CPU
		{7584D28F-6ED1-46DD-B045-C7A266233D94}.Debug|Any CPU.ActiveCfg = Debug|Any CPU
		{7584D28F-6ED1-46DD-B045-C7A266233D94}.Debug|Any CPU.Build.0 = Debug|Any CPU
		{7584D28F-6ED1-46DD-B045-C7A266233D94}.Release|Any CPU.ActiveCfg = Release|Any CPU
		{7584D28F-6ED1-46DD-B045-C7A266233D94}.Release|Any CPU.Build.0 = Release|Any CPU
	EndGlobalSection
	GlobalSection(SolutionProperties) = preSolution
		HideSolutionNode = FALSE
	EndGlobalSection
	GlobalSection(ExtensibilityGlobals) = postSolution
		SolutionGuid = {ED210DA4-4F33-44D5-8D29-7CF8DB36E641}
	EndGlobalSection
EndGlobal
